
Microsoft Visual Studio Solution File, Format Version 12.00
# Visual Studio 2013
VisualStudioVersion = 12.0.31101.0
MinimumVisualStudioVersion = 10.0.40219.1
Project("{FAE04EC0-301F-11D3-BF4B-00C04F79EFBC}") = "YasminsChat", "YasminsChat\YasminsChat.csproj", "{63A8B58E-C7EC-4073-B148-990D21CCD6DE}"
EndProject
Project("{FAE04EC0-301F-11D3-BF4B-00C04F79EFBC}") = "YasminsChat.Tests", "YasminsChat.Tests\YasminsChat.Tests.csproj", "{A8ADC953-BA80-4AC0-9AAD-0D6A3EFE92FE}"
EndProject
Global
	GlobalSection(SolutionConfigurationPlatforms) = preSolution
		Debug|Any CPU = Debug|Any CPU
		Release|Any CPU = Release|Any CPU
	EndGlobalSection
	GlobalSection(ProjectConfigurationPlatforms) = postSolution
		{63A8B58E-C7EC-4073-B148-990D21CCD6DE}.Debug|Any CPU.ActiveCfg = Debug|Any CPU
		{63A8B58E-C7EC-4073-B148-990D21CCD6DE}.Debug|Any CPU.Build.0 = Debug|Any CPU
		{63A8B58E-C7EC-4073-B148-990D21CCD6DE}.Release|Any CPU.ActiveCfg = Release|Any CPU
		{63A8B58E-C7EC-4073-B148-990D21CCD6DE}.Release|Any CPU.Build.0 = Release|Any CPU
		{A8ADC953-BA80-4AC0-9AAD-0D6A3EFE92FE}.Debug|Any CPU.ActiveCfg = Debug|Any CPU
		{A8ADC953-BA80-4AC0-9AAD-0D6A3EFE92FE}.Debug|Any CPU.Build.0 = Debug|Any CPU
		{A8ADC953-BA80-4AC0-9AAD-0D6A3EFE92FE}.Release|Any CPU.ActiveCfg = Release|Any CPU
		{A8ADC953-BA80-4AC0-9AAD-0D6A3EFE92FE}.Release|Any CPU.Build.0 = Release|Any CPU
	EndGlobalSection
	GlobalSection(SolutionProperties) = preSolution
		HideSolutionNode = FALSE
	EndGlobalSection
EndGlobal
